// !$*UTF8*$!
{
	archiveVersion = 1;
	classes = {
	};
	objectVersion = 50;
	objects = {

/* Begin PBXBuildFile section */
		2A1F06A4229A7B6600908987 /* TravelLocationsMapViewController.swift in Sources */ = {isa = PBXBuildFile; fileRef = 2A1F06A3229A7B6600908987 /* TravelLocationsMapViewController.swift */; };
		2A1F06A6229A7B7E00908987 /* PhotoAlbumViewController.swift in Sources */ = {isa = PBXBuildFile; fileRef = 2A1F06A5229A7B7E00908987 /* PhotoAlbumViewController.swift */; };
		2A1F06A8229A7C6500908987 /* CollectionViewCell.swift in Sources */ = {isa = PBXBuildFile; fileRef = 2A1F06A7229A7C6500908987 /* CollectionViewCell.swift */; };
		2A1F06AE229A7D7900908987 /* World-Photos.xcdatamodeld in Sources */ = {isa = PBXBuildFile; fileRef = 2A1F06AC229A7D7900908987 /* World-Photos.xcdatamodeld */; };
		2A1F06B0229A804F00908987 /* ConnectionManager.swift in Sources */ = {isa = PBXBuildFile; fileRef = 2A1F06AF229A804F00908987 /* ConnectionManager.swift */; };
		2A1F06B2229A92A800908987 /* PhotoURL.swift in Sources */ = {isa = PBXBuildFile; fileRef = 2A1F06B1229A92A800908987 /* PhotoURL.swift */; };
		2A1F06B4229A990400908987 /* FlickrAPI.swift in Sources */ = {isa = PBXBuildFile; fileRef = 2A1F06B3229A990400908987 /* FlickrAPI.swift */; };
		2A223E9F22A0F42C0020576C /* Alert.swift in Sources */ = {isa = PBXBuildFile; fileRef = 2A223E9E22A0F42C0020576C /* Alert.swift */; };
		2A54AC05229BAE150028D827 /* Helpers.swift in Sources */ = {isa = PBXBuildFile; fileRef = 2A54AC04229BAE150028D827 /* Helpers.swift */; };
		2A54AC07229BB0A40028D827 /* Photos.swift in Sources */ = {isa = PBXBuildFile; fileRef = 2A54AC06229BB0A40028D827 /* Photos.swift */; };
		2A54ADE6229BD49700A77A10 /* DataController.swift in Sources */ = {isa = PBXBuildFile; fileRef = 2A54ADE5229BD49700A77A10 /* DataController.swift */; };
		2A5BA29E229A644700A3F540 /* AppDelegate.swift in Sources */ = {isa = PBXBuildFile; fileRef = 2A5BA29D229A644700A3F540 /* AppDelegate.swift */; };
		2A5BA2A3229A644700A3F540 /* Main.storyboard in Resources */ = {isa = PBXBuildFile; fileRef = 2A5BA2A1229A644700A3F540 /* Main.storyboard */; };
		2A5BA2A8229A644A00A3F540 /* Assets.xcassets in Resources */ = {isa = PBXBuildFile; fileRef = 2A5BA2A7229A644A00A3F540 /* Assets.xcassets */; };
		2A5BA2AB229A644A00A3F540 /* LaunchScreen.storyboard in Resources */ = {isa = PBXBuildFile; fileRef = 2A5BA2A9229A644A00A3F540 /* LaunchScreen.storyboard */; };
		2AAEFD4F229CF38000A5DBD7 /* PinAnnotation.swift in Sources */ = {isa = PBXBuildFile; fileRef = 2AAEFD4E229CF38000A5DBD7 /* PinAnnotation.swift */; };
/* End PBXBuildFile section */

/* Begin PBXFileReference section */
		2A1F06A3229A7B6600908987 /* TravelLocationsMapViewController.swift */ = {isa = PBXFileReference; lastKnownFileType = sourcecode.swift; path = TravelLocationsMapViewController.swift; sourceTree = "<group>"; };
		2A1F06A5229A7B7E00908987 /* PhotoAlbumViewController.swift */ = {isa = PBXFileReference; lastKnownFileType = sourcecode.swift; path = PhotoAlbumViewController.swift; sourceTree = "<group>"; };
		2A1F06A7229A7C6500908987 /* CollectionViewCell.swift */ = {isa = PBXFileReference; lastKnownFileType = sourcecode.swift; path = CollectionViewCell.swift; sourceTree = "<group>"; };
		2A1F06AD229A7D7900908987 /* Virtual_Tourist.xcdatamodel */ = {isa = PBXFileReference; lastKnownFileType = wrapper.xcdatamodel; path = Virtual_Tourist.xcdatamodel; sourceTree = "<group>"; };
		2A1F06AF229A804F00908987 /* ConnectionManager.swift */ = {isa = PBXFileReference; lastKnownFileType = sourcecode.swift; path = ConnectionManager.swift; sourceTree = "<group>"; };
		2A1F06B1229A92A800908987 /* PhotoURL.swift */ = {isa = PBXFileReference; lastKnownFileType = sourcecode.swift; path = PhotoURL.swift; sourceTree = "<group>"; };
		2A1F06B3229A990400908987 /* FlickrAPI.swift */ = {isa = PBXFileReference; lastKnownFileType = sourcecode.swift; path = FlickrAPI.swift; sourceTree = "<group>"; };
		2A223E9E22A0F42C0020576C /* Alert.swift */ = {isa = PBXFileReference; lastKnownFileType = sourcecode.swift; path = Alert.swift; sourceTree = "<group>"; };
		2A54AC04229BAE150028D827 /* Helpers.swift */ = {isa = PBXFileReference; lastKnownFileType = sourcecode.swift; path = Helpers.swift; sourceTree = "<group>"; };
		2A54AC06229BB0A40028D827 /* Photos.swift */ = {isa = PBXFileReference; lastKnownFileType = sourcecode.swift; path = Photos.swift; sourceTree = "<group>"; };
		2A54ADE5229BD49700A77A10 /* DataController.swift */ = {isa = PBXFileReference; lastKnownFileType = sourcecode.swift; path = DataController.swift; sourceTree = "<group>"; };
		2A5BA29A229A644700A3F540 /* World Photos.app */ = {isa = PBXFileReference; explicitFileType = wrapper.application; includeInIndex = 0; path = "World Photos.app"; sourceTree = BUILT_PRODUCTS_DIR; };
		2A5BA29D229A644700A3F540 /* AppDelegate.swift */ = {isa = PBXFileReference; lastKnownFileType = sourcecode.swift; path = AppDelegate.swift; sourceTree = "<group>"; };
		2A5BA2A2229A644700A3F540 /* Base */ = {isa = PBXFileReference; lastKnownFileType = file.storyboard; name = Base; path = Base.lproj/Main.storyboard; sourceTree = "<group>"; };
		2A5BA2A7229A644A00A3F540 /* Assets.xcassets */ = {isa = PBXFileReference; lastKnownFileType = folder.assetcatalog; path = Assets.xcassets; sourceTree = "<group>"; };
		2A5BA2AA229A644A00A3F540 /* Base */ = {isa = PBXFileReference; lastKnownFileType = file.storyboard; name = Base; path = Base.lproj/LaunchScreen.storyboard; sourceTree = "<group>"; };
		2A5BA2AC229A644A00A3F540 /* Info.plist */ = {isa = PBXFileReference; lastKnownFileType = text.plist.xml; path = Info.plist; sourceTree = "<group>"; };
		2AAEFD4E229CF38000A5DBD7 /* PinAnnotation.swift */ = {isa = PBXFileReference; lastKnownFileType = sourcecode.swift; path = PinAnnotation.swift; sourceTree = "<group>"; };
/* End PBXFileReference section */

/* Begin PBXFrameworksBuildPhase section */
		2A5BA297229A644700A3F540 /* Frameworks */ = {
			isa = PBXFrameworksBuildPhase;
			buildActionMask = 2147483647;
			files = (
			);
			runOnlyForDeploymentPostprocessing = 0;
		};
/* End PBXFrameworksBuildPhase section */

/* Begin PBXGroup section */
		2A5BA291229A644700A3F540 = {
			isa = PBXGroup;
			children = (
				2A5BA29C229A644700A3F540 /* World Photos */,
				2A5BA29B229A644700A3F540 /* Products */,
			);
			sourceTree = "<group>";
		};
		2A5BA29B229A644700A3F540 /* Products */ = {
			isa = PBXGroup;
			children = (
				2A5BA29A229A644700A3F540 /* World Photos.app */,
			);
			name = Products;
			sourceTree = "<group>";
		};
		2A5BA29C229A644700A3F540 /* World Photos */ = {
			isa = PBXGroup;
			children = (
				2A5BA29D229A644700A3F540 /* AppDelegate.swift */,
				2A5BA2B2229A645D00A3F540 /* Models */,
				2A5BA2B3229A646700A3F540 /* Views */,
				2A5BA2B4229A646E00A3F540 /* Controllers */,
				2A5BA2B5229A647B00A3F540 /* Resources */,
			);
			path = "World Photos";
			sourceTree = "<group>";
		};
		2A5BA2B2229A645D00A3F540 /* Models */ = {
			isa = PBXGroup;
			children = (
				2A1F06AC229A7D7900908987 /* World-Photos.xcdatamodeld */,
				2A1F06AF229A804F00908987 /* ConnectionManager.swift */,
				2A1F06B1229A92A800908987 /* PhotoURL.swift */,
				2A1F06B3229A990400908987 /* FlickrAPI.swift */,
				2A54AC04229BAE150028D827 /* Helpers.swift */,
				2A54AC06229BB0A40028D827 /* Photos.swift */,
				2A54ADE5229BD49700A77A10 /* DataController.swift */,
				2AAEFD4E229CF38000A5DBD7 /* PinAnnotation.swift */,
			);
			path = Models;
			sourceTree = "<group>";
		};
		2A5BA2B3229A646700A3F540 /* Views */ = {
			isa = PBXGroup;
			children = (
				2A5BA2B7229A64E100A3F540 /* Storyboards */,
				2A1F06A7229A7C6500908987 /* CollectionViewCell.swift */,
				2A223E9E22A0F42C0020576C /* Alert.swift */,
			);
			path = Views;
			sourceTree = "<group>";
		};
		2A5BA2B4229A646E00A3F540 /* Controllers */ = {
			isa = PBXGroup;
			children = (
				2A1F06A3229A7B6600908987 /* TravelLocationsMapViewController.swift */,
				2A1F06A5229A7B7E00908987 /* PhotoAlbumViewController.swift */,
			);
			path = Controllers;
			sourceTree = "<group>";
		};
		2A5BA2B5229A647B00A3F540 /* Resources */ = {
			isa = PBXGroup;
			children = (
				2A5BA2A7229A644A00A3F540 /* Assets.xcassets */,
				2A5BA2AC229A644A00A3F540 /* Info.plist */,
			);
			path = Resources;
			sourceTree = "<group>";
		};
		2A5BA2B7229A64E100A3F540 /* Storyboards */ = {
			isa = PBXGroup;
			children = (
				2A5BA2A1229A644700A3F540 /* Main.storyboard */,
				2A5BA2A9229A644A00A3F540 /* LaunchScreen.storyboard */,
			);
			path = Storyboards;
			sourceTree = "<group>";
		};
/* End PBXGroup section */

/* Begin PBXNativeTarget section */
		2A5BA299229A644700A3F540 /* World Photos */ = {
			isa = PBXNativeTarget;
			buildConfigurationList = 2A5BA2AF229A644A00A3F540 /* Build configuration list for PBXNativeTarget "World Photos" */;
			buildPhases = (
				2A5BA296229A644700A3F540 /* Sources */,
				2A5BA297229A644700A3F540 /* Frameworks */,
				2A5BA298229A644700A3F540 /* Resources */,
			);
			buildRules = (
			);
			dependencies = (
			);
			name = "World Photos";
			productName = "Virtual Tourist";
			productReference = 2A5BA29A229A644700A3F540 /* World Photos.app */;
			productType = "com.apple.product-type.application";
		};
/* End PBXNativeTarget section */

/* Begin PBXProject section */
		2A5BA292229A644700A3F540 /* Project object */ = {
			isa = PBXProject;
			attributes = {
				LastSwiftUpdateCheck = 1020;
				LastUpgradeCheck = 1020;
				ORGANIZATIONNAME = "Obai Alnajjar";
				TargetAttributes = {
					2A5BA299229A644700A3F540 = {
						CreatedOnToolsVersion = 10.2.1;
					};
				};
			};
			buildConfigurationList = 2A5BA295229A644700A3F540 /* Build configuration list for PBXProject "World Photos" */;
			compatibilityVersion = "Xcode 9.3";
			developmentRegion = en;
			hasScannedForEncodings = 0;
			knownRegions = (
				en,
				Base,
			);
			mainGroup = 2A5BA291229A644700A3F540;
			productRefGroup = 2A5BA29B229A644700A3F540 /* Products */;
			projectDirPath = "";
			projectRoot = "";
			targets = (
				2A5BA299229A644700A3F540 /* World Photos */,
			);
		};
/* End PBXProject section */

/* Begin PBXResourcesBuildPhase section */
		2A5BA298229A644700A3F540 /* Resources */ = {
			isa = PBXResourcesBuildPhase;
			buildActionMask = 2147483647;
			files = (
				2A5BA2AB229A644A00A3F540 /* LaunchScreen.storyboard in Resources */,
				2A5BA2A8229A644A00A3F540 /* Assets.xcassets in Resources */,
				2A5BA2A3229A644700A3F540 /* Main.storyboard in Resources */,
			);
			runOnlyForDeploymentPostprocessing = 0;
		};
/* End PBXResourcesBuildPhase section */

/* Begin PBXSourcesBuildPhase section */
		2A5BA296229A644700A3F540 /* Sources */ = {
			isa = PBXSourcesBuildPhase;
			buildActionMask = 2147483647;
			files = (
				2A1F06B2229A92A800908987 /* PhotoURL.swift in Sources */,
				2A1F06A8229A7C6500908987 /* CollectionViewCell.swift in Sources */,
				2A1F06B0229A804F00908987 /* ConnectionManager.swift in Sources */,
				2A1F06AE229A7D7900908987 /* World-Photos.xcdatamodeld in Sources */,
				2AAEFD4F229CF38000A5DBD7 /* PinAnnotation.swift in Sources */,
				2A223E9F22A0F42C0020576C /* Alert.swift in Sources */,
				2A54AC07229BB0A40028D827 /* Photos.swift in Sources */,
				2A54ADE6229BD49700A77A10 /* DataController.swift in Sources */,
				2A54AC05229BAE150028D827 /* Helpers.swift in Sources */,
				2A5BA29E229A644700A3F540 /* AppDelegate.swift in Sources */,
				2A1F06A4229A7B6600908987 /* TravelLocationsMapViewController.swift in Sources */,
				2A1F06A6229A7B7E00908987 /* PhotoAlbumViewController.swift in Sources */,
				2A1F06B4229A990400908987 /* FlickrAPI.swift in Sources */,
			);
			runOnlyForDeploymentPostprocessing = 0;
		};
/* End PBXSourcesBuildPhase section */

/* Begin PBXVariantGroup section */
		2A5BA2A1229A644700A3F540 /* Main.storyboard */ = {
			isa = PBXVariantGroup;
			children = (
				2A5BA2A2229A644700A3F540 /* Base */,
			);
			name = Main.storyboard;
			sourceTree = "<group>";
		};
		2A5BA2A9229A644A00A3F540 /* LaunchScreen.storyboard */ = {
			isa = PBXVariantGroup;
			children = (
				2A5BA2AA229A644A00A3F540 /* Base */,
			);
			name = LaunchScreen.storyboard;
			sourceTree = "<group>";
		};
/* End PBXVariantGroup section */

/* Begin XCBuildConfiguration section */
		2A5BA2AD229A644A00A3F540 /* Debug */ = {
			isa = XCBuildConfiguration;
			buildSettings = {
				ALWAYS_SEARCH_USER_PATHS = NO;
				CLANG_ANALYZER_NONNULL = YES;
				CLANG_ANALYZER_NUMBER_OBJECT_CONVERSION = YES_AGGRESSIVE;
				CLANG_CXX_LANGUAGE_STANDARD = "gnu++14";
				CLANG_CXX_LIBRARY = "libc++";
				CLANG_ENABLE_MODULES = YES;
				CLANG_ENABLE_OBJC_ARC = YES;
				CLANG_ENABLE_OBJC_WEAK = YES;
				CLANG_WARN_BLOCK_CAPTURE_AUTORELEASING = YES;
				CLANG_WARN_BOOL_CONVERSION = YES;
				CLANG_WARN_COMMA = YES;
				CLANG_WARN_CONSTANT_CONVERSION = YES;
				CLANG_WARN_DEPRECATED_OBJC_IMPLEMENTATIONS = YES;
				CLANG_WARN_DIRECT_OBJC_ISA_USAGE = YES_ERROR;
				CLANG_WARN_DOCUMENTATION_COMMENTS = YES;
				CLANG_WARN_EMPTY_BODY = YES;
				CLANG_WARN_ENUM_CONVERSION = YES;
				CLANG_WARN_INFINITE_RECURSION = YES;
				CLANG_WARN_INT_CONVERSION = YES;
				CLANG_WARN_NON_LITERAL_NULL_CONVERSION = YES;
				CLANG_WARN_OBJC_IMPLICIT_RETAIN_SELF = YES;
				CLANG_WARN_OBJC_LITERAL_CONVERSION = YES;
				CLANG_WARN_OBJC_ROOT_CLASS = YES_ERROR;
				CLANG_WARN_RANGE_LOOP_ANALYSIS = YES;
				CLANG_WARN_STRICT_PROTOTYPES = YES;
				CLANG_WARN_SUSPICIOUS_MOVE = YES;
				CLANG_WARN_UNGUARDED_AVAILABILITY = YES_AGGRESSIVE;
				CLANG_WARN_UNREACHABLE_CODE = YES;
				CLANG_WARN__DUPLICATE_METHOD_MATCH = YES;
				CODE_SIGN_IDENTITY = "iPhone Developer";
				COPY_PHASE_STRIP = NO;
				DEBUG_INFORMATION_FORMAT = dwarf;
				ENABLE_STRICT_OBJC_MSGSEND = YES;
				ENABLE_TESTABILITY = YES;
				GCC_C_LANGUAGE_STANDARD = gnu11;
				GCC_DYNAMIC_NO_PIC = NO;
				GCC_NO_COMMON_BLOCKS = YES;
				GCC_OPTIMIZATION_LEVEL = 0;
				GCC_PREPROCESSOR_DEFINITIONS = (
					"DEBUG=1",
					"$(inherited)",
				);
				GCC_WARN_64_TO_32_BIT_CONVERSION = YES;
				GCC_WARN_ABOUT_RETURN_TYPE = YES_ERROR;
				GCC_WARN_UNDECLARED_SELECTOR = YES;
				GCC_WARN_UNINITIALIZED_AUTOS = YES_AGGRESSIVE;
				GCC_WARN_UNUSED_FUNCTION = YES;
				GCC_WARN_UNUSED_VARIABLE = YES;
				IPHONEOS_DEPLOYMENT_TARGET = 12.2;
				MTL_ENABLE_DEBUG_INFO = INCLUDE_SOURCE;
				MTL_FAST_MATH = YES;
				ONLY_ACTIVE_ARCH = YES;
				SDKROOT = iphoneos;
				SWIFT_ACTIVE_COMPILATION_CONDITIONS = DEBUG;
				SWIFT_OPTIMIZATION_LEVEL = "-Onone";
			};
			name = Debug;
		};
		2A5BA2AE229A644A00A3F540 /* Release */ = {
			isa = XCBuildConfiguration;
			buildSettings = {
				ALWAYS_SEARCH_USER_PATHS = NO;
				CLANG_ANALYZER_NONNULL = YES;
				CLANG_ANALYZER_NUMBER_OBJECT_CONVERSION = YES_AGGRESSIVE;
				CLANG_CXX_LANGUAGE_STANDARD = "gnu++14";
				CLANG_CXX_LIBRARY = "libc++";
				CLANG_ENABLE_MODULES = YES;
				CLANG_ENABLE_OBJC_ARC = YES;
				CLANG_ENABLE_OBJC_WEAK = YES;
				CLANG_WARN_BLOCK_CAPTURE_AUTORELEASING = YES;
				CLANG_WARN_BOOL_CONVERSION = YES;
				CLANG_WARN_COMMA = YES;
				CLANG_WARN_CONSTANT_CONVERSION = YES;
				CLANG_WARN_DEPRECATED_OBJC_IMPLEMENTATIONS = YES;
				CLANG_WARN_DIRECT_OBJC_ISA_USAGE = YES_ERROR;
				CLANG_WARN_DOCUMENTATION_COMMENTS = YES;
				CLANG_WARN_EMPTY_BODY = YES;
				CLANG_WARN_ENUM_CONVERSION = YES;
				CLANG_WARN_INFINITE_RECURSION = YES;
				CLANG_WARN_INT_CONVERSION = YES;
				CLANG_WARN_NON_LITERAL_NULL_CONVERSION = YES;
				CLANG_WARN_OBJC_IMPLICIT_RETAIN_SELF = YES;
				CLANG_WARN_OBJC_LITERAL_CONVERSION = YES;
				CLANG_WARN_OBJC_ROOT_CLASS = YES_ERROR;
				CLANG_WARN_RANGE_LOOP_ANALYSIS = YES;
				CLANG_WARN_STRICT_PROTOTYPES = YES;
				CLANG_WARN_SUSPICIOUS_MOVE = YES;
				CLANG_WARN_UNGUARDED_AVAILABILITY = YES_AGGRESSIVE;
				CLANG_WARN_UNREACHABLE_CODE = YES;
				CLANG_WARN__DUPLICATE_METHOD_MATCH = YES;
				CODE_SIGN_IDENTITY = "iPhone Developer";
				COPY_PHASE_STRIP = NO;
				DEBUG_INFORMATION_FORMAT = "dwarf-with-dsym";
				ENABLE_NS_ASSERTIONS = NO;
				ENABLE_STRICT_OBJC_MSGSEND = YES;
				GCC_C_LANGUAGE_STANDARD = gnu11;
				GCC_NO_COMMON_BLOCKS = YES;
				GCC_WARN_64_TO_32_BIT_CONVERSION = YES;
				GCC_WARN_ABOUT_RETURN_TYPE = YES_ERROR;
				GCC_WARN_UNDECLARED_SELECTOR = YES;
				GCC_WARN_UNINITIALIZED_AUTOS = YES_AGGRESSIVE;
				GCC_WARN_UNUSED_FUNCTION = YES;
				GCC_WARN_UNUSED_VARIABLE = YES;
				IPHONEOS_DEPLOYMENT_TARGET = 12.2;
				MTL_ENABLE_DEBUG_INFO = NO;
				MTL_FAST_MATH = YES;
				SDKROOT = iphoneos;
				SWIFT_COMPILATION_MODE = wholemodule;
				SWIFT_OPTIMIZATION_LEVEL = "-O";
				VALIDATE_PRODUCT = YES;
			};
			name = Release;
		};
		2A5BA2B0229A644A00A3F540 /* Debug */ = {
			isa = XCBuildConfiguration;
			buildSettings = {
				ASSETCATALOG_COMPILER_APPICON_NAME = AppIcon;
				CODE_SIGN_STYLE = Automatic;
				DEVELOPMENT_TEAM = YKZDST5L5E;
				INFOPLIST_FILE = "$(SRCROOT)/World Photos/Resources/Info.plist";
				LD_RUNPATH_SEARCH_PATHS = (
					"$(inherited)",
					"@executable_path/Frameworks",
				);
				PRODUCT_BUNDLE_IDENTIFIER = "dev.obai.World-Photos";
				PRODUCT_NAME = "$(TARGET_NAME)";
				SWIFT_VERSION = 5.0;
				TARGETED_DEVICE_FAMILY = "1,2";
			};
			name = Debug;
		};
		2A5BA2B1229A644A00A3F540 /* Release */ = {
			isa = XCBuildConfiguration;
			buildSettings = {
				ASSETCATALOG_COMPILER_APPICON_NAME = AppIcon;
				CODE_SIGN_STYLE = Automatic;
				DEVELOPMENT_TEAM = YKZDST5L5E;
				INFOPLIST_FILE = "$(SRCROOT)/World Photos/Resources/Info.plist";
				LD_RUNPATH_SEARCH_PATHS = (
					"$(inherited)",
					"@executable_path/Frameworks",
				);
				PRODUCT_BUNDLE_IDENTIFIER = "dev.obai.World-Photos";
				PRODUCT_NAME = "$(TARGET_NAME)";
				SWIFT_VERSION = 5.0;
				TARGETED_DEVICE_FAMILY = "1,2";
			};
			name = Release;
		};
/* End XCBuildConfiguration section */

/* Begin XCConfigurationList section */
		2A5BA295229A644700A3F540 /* Build configuration list for PBXProject "World Photos" */ = {
			isa = XCConfigurationList;
			buildConfigurations = (
				2A5BA2AD229A644A00A3F540 /* Debug */,
				2A5BA2AE229A644A00A3F540 /* Release */,
			);
			defaultConfigurationIsVisible = 0;
			defaultConfigurationName = Release;
		};
		2A5BA2AF229A644A00A3F540 /* Build configuration list for PBXNativeTarget "World Photos" */ = {
			isa = XCConfigurationList;
			buildConfigurations = (
				2A5BA2B0229A644A00A3F540 /* Debug */,
				2A5BA2B1229A644A00A3F540 /* Release */,
			);
			defaultConfigurationIsVisible = 0;
			defaultConfigurationName = Release;
		};
/* End XCConfigurationList section */

/* Begin XCVersionGroup section */
		2A1F06AC229A7D7900908987 /* World-Photos.xcdatamodeld */ = {
			isa = XCVersionGroup;
			children = (
				2A1F06AD229A7D7900908987 /* Virtual_Tourist.xcdatamodel */,
			);
			currentVersion = 2A1F06AD229A7D7900908987 /* Virtual_Tourist.xcdatamodel */;
			path = "World-Photos.xcdatamodeld";
			sourceTree = "<group>";
			versionGroupType = wrapper.xcdatamodel;
		};
/* End XCVersionGroup section */
	};
	rootObject = 2A5BA292229A644700A3F540 /* Project object */;
}
